
Microsoft Visual Studio Solution File, Format Version 12.00
# Visual Studio Version 17
VisualStudioVersion = 17.0.31903.59
MinimumVisualStudioVersion = 10.0.40219.1
Project("{2150E333-8FDC-42A3-9474-1A3956D46DE8}") = "src", "src", "{827E0CD3-B72D-47B6-A68D-7590B98EB39B}"
EndProject
Project("{FAE04EC0-301F-11D3-BF4B-00C04F79EFBC}") = "eBackup.Cli", "src\eBackup.Cli\eBackup.Cli.csproj", "{C056638B-8C42-40F0-BFBA-E479CB25ED16}"
EndProject
Project("{FAE04EC0-301F-11D3-BF4B-00C04F79EFBC}") = "eBackup.Core", "src\eBackup.Core\eBackup.Core.csproj", "{9BF8B3F2-6998-4FDA-A992-06623C42BE68}"
EndProject
Project("{FAE04EC0-301F-11D3-BF4B-00C04F79EFBC}") = "eBackup.Modules.Obs", "src\eBackup.Modules.Obs\eBackup.Modules.Obs.csproj", "{9E81DD09-5106-4A00-B220-9EE939581EA2}"
EndProject
Project("{FAE04EC0-301F-11D3-BF4B-00C04F79EFBC}") = "eBackup.Storage.Local", "src\eBackup.Storage.Local\eBackup.Storage.Local.csproj", "{8B6312E6-885E-4699-A812-4A3133FE0FDF}"
EndProject
Project("{FAE04EC0-301F-11D3-BF4B-00C04F79EFBC}") = "eBackup.Storage.Sftp", "src\eBackup.Storage.Sftp\eBackup.Storage.Sftp.csproj", "{D81B1FBB-014E-4558-98C3-D51C523F3D4C}"
EndProject
Project("{FAE04EC0-301F-11D3-BF4B-00C04F79EFBC}") = "eBackup.Tests", "tests\eBackup.Tests\eBackup.Tests.csproj", "{FD6AA252-0AA3-4F56-9B52-4200C8BC9C7E}"
EndProject
Project("{FAE04EC0-301F-11D3-BF4B-00C04F79EFBC}") = "eBackup.Security", "src\eBackup.Security\eBackup.Security.csproj", "{BE271AF0-93A1-4160-94E1-71471F27C754}"
EndProject
Project("{FAE04EC0-301F-11D3-BF4B-00C04F79EFBC}") = "eBackup.Abstractions", "src\eBackup.Abstractions\eBackup.Abstractions.csproj", "{DDA78393-EAD8-43BE-A122-6A34D3F32A84}"
EndProject
Project("{FAE04EC0-301F-11D3-BF4B-00C04F79EFBC}") = "eBackup.App", "src\eBackup.App\eBackup.App.csproj", "{B29D1DE2-608A-4871-A78B-5246F3318837}"
EndProject
Project("{FAE04EC0-301F-11D3-BF4B-00C04F79EFBC}") = "eBackup.Storage", "src\eBackup.Storage\eBackup.Storage.csproj", "{6798690B-136A-46B7-B9AA-A79C14C28073}"
EndProject
Global
	GlobalSection(SolutionConfigurationPlatforms) = preSolution
		Debug|Any CPU = Debug|Any CPU
		Debug|x64 = Debug|x64
		Debug|x86 = Debug|x86
		Release|Any CPU = Release|Any CPU
		Release|x64 = Release|x64
		Release|x86 = Release|x86
	EndGlobalSection
	GlobalSection(ProjectConfigurationPlatforms) = postSolution
		{C056638B-8C42-40F0-BFBA-E479CB25ED16}.Debug|Any CPU.ActiveCfg = Debug|Any CPU
		{C056638B-8C42-40F0-BFBA-E479CB25ED16}.Debug|Any CPU.Build.0 = Debug|Any CPU
		{C056638B-8C42-40F0-BFBA-E479CB25ED16}.Debug|x64.ActiveCfg = Debug|Any CPU
		{C056638B-8C42-40F0-BFBA-E479CB25ED16}.Debug|x64.Build.0 = Debug|Any CPU
		{C056638B-8C42-40F0-BFBA-E479CB25ED16}.Debug|x86.ActiveCfg = Debug|Any CPU
		{C056638B-8C42-40F0-BFBA-E479CB25ED16}.Debug|x86.Build.0 = Debug|Any CPU
		{C056638B-8C42-40F0-BFBA-E479CB25ED16}.Release|Any CPU.ActiveCfg = Release|Any CPU
		{C056638B-8C42-40F0-BFBA-E479CB25ED16}.Release|Any CPU.Build.0 = Release|Any CPU
		{C056638B-8C42-40F0-BFBA-E479CB25ED16}.Release|x64.ActiveCfg = Release|Any CPU
		{C056638B-8C42-40F0-BFBA-E479CB25ED16}.Release|x64.Build.0 = Release|Any CPU
		{C056638B-8C42-40F0-BFBA-E479CB25ED16}.Release|x86.ActiveCfg = Release|Any CPU
		{C056638B-8C42-40F0-BFBA-E479CB25ED16}.Release|x86.Build.0 = Release|Any CPU
		{9BF8B3F2-6998-4FDA-A992-06623C42BE68}.Debug|Any CPU.ActiveCfg = Debug|Any CPU
		{9BF8B3F2-6998-4FDA-A992-06623C42BE68}.Debug|Any CPU.Build.0 = Debug|Any CPU
		{9BF8B3F2-6998-4FDA-A992-06623C42BE68}.Debug|x64.ActiveCfg = Debug|Any CPU
		{9BF8B3F2-6998-4FDA-A992-06623C42BE68}.Debug|x64.Build.0 = Debug|Any CPU
		{9BF8B3F2-6998-4FDA-A992-06623C42BE68}.Debug|x86.ActiveCfg = Debug|Any CPU
		{9BF8B3F2-6998-4FDA-A992-06623C42BE68}.Debug|x86.Build.0 = Debug|Any CPU
		{9BF8B3F2-6998-4FDA-A992-06623C42BE68}.Release|Any CPU.ActiveCfg = Release|Any CPU
		{9BF8B3F2-6998-4FDA-A992-06623C42BE68}.Release|Any CPU.Build.0 = Release|Any CPU
		{9BF8B3F2-6998-4FDA-A992-06623C42BE68}.Release|x64.ActiveCfg = Release|Any CPU
		{9BF8B3F2-6998-4FDA-A992-06623C42BE68}.Release|x64.Build.0 = Release|Any CPU
		{9BF8B3F2-6998-4FDA-A992-06623C42BE68}.Release|x86.ActiveCfg = Release|Any CPU
		{9BF8B3F2-6998-4FDA-A992-06623C42BE68}.Release|x86.Build.0 = Release|Any CPU
		{9E81DD09-5106-4A00-B220-9EE939581EA2}.Debug|Any CPU.ActiveCfg = Debug|Any CPU
		{9E81DD09-5106-4A00-B220-9EE939581EA2}.Debug|Any CPU.Build.0 = Debug|Any CPU
		{9E81DD09-5106-4A00-B220-9EE939581EA2}.Debug|x64.ActiveCfg = Debug|Any CPU
		{9E81DD09-5106-4A00-B220-9EE939581EA2}.Debug|x64.Build.0 = Debug|Any CPU
		{9E81DD09-5106-4A00-B220-9EE939581EA2}.Debug|x86.ActiveCfg = Debug|Any CPU
		{9E81DD09-5106-4A00-B220-9EE939581EA2}.Debug|x86.Build.0 = Debug|Any CPU
		{9E81DD09-5106-4A00-B220-9EE939581EA2}.Release|Any CPU.ActiveCfg = Release|Any CPU
		{9E81DD09-5106-4A00-B220-9EE939581EA2}.Release|Any CPU.Build.0 = Release|Any CPU
		{9E81DD09-5106-4A00-B220-9EE939581EA2}.Release|x64.ActiveCfg = Release|Any CPU
		{9E81DD09-5106-4A00-B220-9EE939581EA2}.Release|x64.Build.0 = Release|Any CPU
		{9E81DD09-5106-4A00-B220-9EE939581EA2}.Release|x86.ActiveCfg = Release|Any CPU
		{9E81DD09-5106-4A00-B220-9EE939581EA2}.Release|x86.Build.0 = Release|Any CPU
		{8B6312E6-885E-4699-A812-4A3133FE0FDF}.Debug|Any CPU.ActiveCfg = Debug|Any CPU
		{8B6312E6-885E-4699-A812-4A3133FE0FDF}.Debug|Any CPU.Build.0 = Debug|Any CPU
		{8B6312E6-885E-4699-A812-4A3133FE0FDF}.Debug|x64.ActiveCfg = Debug|Any CPU
		{8B6312E6-885E-4699-A812-4A3133FE0FDF}.Debug|x64.Build.0 = Debug|Any CPU
		{8B6312E6-885E-4699-A812-4A3133FE0FDF}.Debug|x86.ActiveCfg = Debug|Any CPU
		{8B6312E6-885E-4699-A812-4A3133FE0FDF}.Debug|x86.Build.0 = Debug|Any CPU
		{8B6312E6-885E-4699-A812-4A3133FE0FDF}.Release|Any CPU.ActiveCfg = Release|Any CPU
		{8B6312E6-885E-4699-A812-4A3133FE0FDF}.Release|Any CPU.Build.0 = Release|Any CPU
		{8B6312E6-885E-4699-A812-4A3133FE0FDF}.Release|x64.ActiveCfg = Release|Any CPU
		{8B6312E6-885E-4699-A812-4A3133FE0FDF}.Release|x64.Build.0 = Release|Any CPU
		{8B6312E6-885E-4699-A812-4A3133FE0FDF}.Release|x86.ActiveCfg = Release|Any CPU
		{8B6312E6-885E-4699-A812-4A3133FE0FDF}.Release|x86.Build.0 = Release|Any CPU
		{D81B1FBB-014E-4558-98C3-D51C523F3D4C}.Debug|Any CPU.ActiveCfg = Debug|Any CPU
		{D81B1FBB-014E-4558-98C3-D51C523F3D4C}.Debug|Any CPU.Build.0 = Debug|Any CPU
		{D81B1FBB-014E-4558-98C3-D51C523F3D4C}.Debug|x64.ActiveCfg = Debug|Any CPU
		{D81B1FBB-014E-4558-98C3-D51C523F3D4C}.Debug|x64.Build.0 = Debug|Any CPU
		{D81B1FBB-014E-4558-98C3-D51C523F3D4C}.Debug|x86.ActiveCfg = Debug|Any CPU
		{D81B1FBB-014E-4558-98C3-D51C523F3D4C}.Debug|x86.Build.0 = Debug|Any CPU
		{D81B1FBB-014E-4558-98C3-D51C523F3D4C}.Release|Any CPU.ActiveCfg = Release|Any CPU
		{D81B1FBB-014E-4558-98C3-D51C523F3D4C}.Release|Any CPU.Build.0 = Release|Any CPU
		{D81B1FBB-014E-4558-98C3-D51C523F3D4C}.Release|x64.ActiveCfg = Release|Any CPU
		{D81B1FBB-014E-4558-98C3-D51C523F3D4C}.Release|x64.Build.0 = Release|Any CPU
		{D81B1FBB-014E-4558-98C3-D51C523F3D4C}.Release|x86.ActiveCfg = Release|Any CPU
		{D81B1FBB-014E-4558-98C3-D51C523F3D4C}.Release|x86.Build.0 = Release|Any CPU
		{FD6AA252-0AA3-4F56-9B52-4200C8BC9C7E}.Debug|Any CPU.ActiveCfg = Debug|Any CPU
		{FD6AA252-0AA3-4F56-9B52-4200C8BC9C7E}.Debug|Any CPU.Build.0 = Debug|Any CPU
		{FD6AA252-0AA3-4F56-9B52-4200C8BC9C7E}.Debug|x64.ActiveCfg = Debug|Any CPU
		{FD6AA252-0AA3-4F56-9B52-4200C8BC9C7E}.Debug|x64.Build.0 = Debug|Any CPU
		{FD6AA252-0AA3-4F56-9B52-4200C8BC9C7E}.Debug|x86.ActiveCfg = Debug|Any CPU
		{FD6AA252-0AA3-4F56-9B52-4200C8BC9C7E}.Debug|x86.Build.0 = Debug|Any CPU
		{FD6AA252-0AA3-4F56-9B52-4200C8BC9C7E}.Release|Any CPU.ActiveCfg = Release|Any CPU
		{FD6AA252-0AA3-4F56-9B52-4200C8BC9C7E}.Release|Any CPU.Build.0 = Release|Any CPU
		{FD6AA252-0AA3-4F56-9B52-4200C8BC9C7E}.Release|x64.ActiveCfg = Release|Any CPU
		{FD6AA252-0AA3-4F56-9B52-4200C8BC9C7E}.Release|x64.Build.0 = Release|Any CPU
		{FD6AA252-0AA3-4F56-9B52-4200C8BC9C7E}.Release|x86.ActiveCfg = Release|Any CPU
		{FD6AA252-0AA3-4F56-9B52-4200C8BC9C7E}.Release|x86.Build.0 = Release|Any CPU
		{BE271AF0-93A1-4160-94E1-71471F27C754}.Debug|Any CPU.ActiveCfg = Debug|Any CPU
		{BE271AF0-93A1-4160-94E1-71471F27C754}.Debug|Any CPU.Build.0 = Debug|Any CPU
		{BE271AF0-93A1-4160-94E1-71471F27C754}.Debug|x64.ActiveCfg = Debug|Any CPU
		{BE271AF0-93A1-4160-94E1-71471F27C754}.Debug|x64.Build.0 = Debug|Any CPU
		{BE271AF0-93A1-4160-94E1-71471F27C754}.Debug|x86.ActiveCfg = Debug|Any CPU
		{BE271AF0-93A1-4160-94E1-71471F27C754}.Debug|x86.Build.0 = Debug|Any CPU
		{BE271AF0-93A1-4160-94E1-71471F27C754}.Release|Any CPU.ActiveCfg = Release|Any CPU
		{BE271AF0-93A1-4160-94E1-71471F27C754}.Release|Any CPU.Build.0 = Release|Any CPU
		{BE271AF0-93A1-4160-94E1-71471F27C754}.Release|x64.ActiveCfg = Release|Any CPU
		{BE271AF0-93A1-4160-94E1-71471F27C754}.Release|x64.Build.0 = Release|Any CPU
		{BE271AF0-93A1-4160-94E1-71471F27C754}.Release|x86.ActiveCfg = Release|Any CPU
		{BE271AF0-93A1-4160-94E1-71471F27C754}.Release|x86.Build.0 = Release|Any CPU
		{DDA78393-EAD8-43BE-A122-6A34D3F32A84}.Debug|Any CPU.ActiveCfg = Debug|Any CPU
		{DDA78393-EAD8-43BE-A122-6A34D3F32A84}.Debug|Any CPU.Build.0 = Debug|Any CPU
		{DDA78393-EAD8-43BE-A122-6A34D3F32A84}.Debug|x64.ActiveCfg = Debug|Any CPU
		{DDA78393-EAD8-43BE-A122-6A34D3F32A84}.Debug|x64.Build.0 = Debug|Any CPU
		{DDA78393-EAD8-43BE-A122-6A34D3F32A84}.Debug|x86.ActiveCfg = Debug|Any CPU
		{DDA78393-EAD8-43BE-A122-6A34D3F32A84}.Debug|x86.Build.0 = Debug|Any CPU
		{DDA78393-EAD8-43BE-A122-6A34D3F32A84}.Release|Any CPU.ActiveCfg = Release|Any CPU
		{DDA78393-EAD8-43BE-A122-6A34D3F32A84}.Release|Any CPU.Build.0 = Release|Any CPU
		{DDA78393-EAD8-43BE-A122-6A34D3F32A84}.Release|x64.ActiveCfg = Release|Any CPU
		{DDA78393-EAD8-43BE-A122-6A34D3F32A84}.Release|x64.Build.0 = Release|Any CPU
		{DDA78393-EAD8-43BE-A122-6A34D3F32A84}.Release|x86.ActiveCfg = Release|Any CPU
		{DDA78393-EAD8-43BE-A122-6A34D3F32A84}.Release|x86.Build.0 = Release|Any CPU
		{B29D1DE2-608A-4871-A78B-5246F3318837}.Debug|Any CPU.ActiveCfg = Debug|x64
		{B29D1DE2-608A-4871-A78B-5246F3318837}.Debug|Any CPU.Build.0 = Debug|x64
		{B29D1DE2-608A-4871-A78B-5246F3318837}.Debug|x64.ActiveCfg = Debug|x64
		{B29D1DE2-608A-4871-A78B-5246F3318837}.Debug|x64.Build.0 = Debug|x64
		{B29D1DE2-608A-4871-A78B-5246F3318837}.Debug|x86.ActiveCfg = Debug|x64
		{B29D1DE2-608A-4871-A78B-5246F3318837}.Debug|x86.Build.0 = Debug|x64
		{B29D1DE2-608A-4871-A78B-5246F3318837}.Release|Any CPU.ActiveCfg = Release|x64
		{B29D1DE2-608A-4871-A78B-5246F3318837}.Release|Any CPU.Build.0 = Release|x64
		{B29D1DE2-608A-4871-A78B-5246F3318837}.Release|x64.ActiveCfg = Release|x64
		{B29D1DE2-608A-4871-A78B-5246F3318837}.Release|x64.Build.0 = Release|x64
		{B29D1DE2-608A-4871-A78B-5246F3318837}.Release|x86.ActiveCfg = Release|x64
		{B29D1DE2-608A-4871-A78B-5246F3318837}.Release|x86.Build.0 = Release|x64
		{6798690B-136A-46B7-B9AA-A79C14C28073}.Debug|Any CPU.ActiveCfg = Debug|Any CPU
		{6798690B-136A-46B7-B9AA-A79C14C28073}.Debug|Any CPU.Build.0 = Debug|Any CPU
		{6798690B-136A-46B7-B9AA-A79C14C28073}.Debug|x64.ActiveCfg = Debug|Any CPU
		{6798690B-136A-46B7-B9AA-A79C14C28073}.Debug|x64.Build.0 = Debug|Any CPU
		{6798690B-136A-46B7-B9AA-A79C14C28073}.Debug|x86.ActiveCfg = Debug|Any CPU
		{6798690B-136A-46B7-B9AA-A79C14C28073}.Debug|x86.Build.0 = Debug|Any CPU
		{6798690B-136A-46B7-B9AA-A79C14C28073}.Release|Any CPU.ActiveCfg = Release|Any CPU
		{6798690B-136A-46B7-B9AA-A79C14C28073}.Release|Any CPU.Build.0 = Release|Any CPU
		{6798690B-136A-46B7-B9AA-A79C14C28073}.Release|x64.ActiveCfg = Release|Any CPU
		{6798690B-136A-46B7-B9AA-A79C14C28073}.Release|x64.Build.0 = Release|Any CPU
		{6798690B-136A-46B7-B9AA-A79C14C28073}.Release|x86.ActiveCfg = Release|Any CPU
		{6798690B-136A-46B7-B9AA-A79C14C28073}.Release|x86.Build.0 = Release|Any CPU
	EndGlobalSection
	GlobalSection(SolutionProperties) = preSolution
		HideSolutionNode = FALSE
	EndGlobalSection
	GlobalSection(NestedProjects) = preSolution
		{C056638B-8C42-40F0-BFBA-E479CB25ED16} = {827E0CD3-B72D-47B6-A68D-7590B98EB39B}
		{9BF8B3F2-6998-4FDA-A992-06623C42BE68} = {827E0CD3-B72D-47B6-A68D-7590B98EB39B}
		{9E81DD09-5106-4A00-B220-9EE939581EA2} = {827E0CD3-B72D-47B6-A68D-7590B98EB39B}
		{8B6312E6-885E-4699-A812-4A3133FE0FDF} = {827E0CD3-B72D-47B6-A68D-7590B98EB39B}
		{D81B1FBB-014E-4558-98C3-D51C523F3D4C} = {827E0CD3-B72D-47B6-A68D-7590B98EB39B}
		{FD6AA252-0AA3-4F56-9B52-4200C8BC9C7E} = {827E0CD3-B72D-47B6-A68D-7590B98EB39B}
		{BE271AF0-93A1-4160-94E1-71471F27C754} = {827E0CD3-B72D-47B6-A68D-7590B98EB39B}
		{DDA78393-EAD8-43BE-A122-6A34D3F32A84} = {827E0CD3-B72D-47B6-A68D-7590B98EB39B}
		{B29D1DE2-608A-4871-A78B-5246F3318837} = {827E0CD3-B72D-47B6-A68D-7590B98EB39B}
		{6798690B-136A-46B7-B9AA-A79C14C28073} = {827E0CD3-B72D-47B6-A68D-7590B98EB39B}
	EndGlobalSection
EndGlobal
